{
  "requires": true,
  "lockfileVersion": 1,
  "dependencies": {
    "jquery": {
      "version": "3.6.1",
      "resolved": "https://registry.npmjs.org/jquery/-/jquery-3.6.1.tgz",
      "integrity": "sha512-opJeO4nCucVnsjiXOE+/PcCgYw9Gwpvs/a6B1LL/lQhwWwpbVEVYDZ1FokFr8PRc7ghYlrFPuyHuiiDNTQxmcw=="
    },
    "jquery-bar-rating": {
      "version": "1.2.2",
      "resolved": "https://registry.npmjs.org/jquery-bar-rating/-/jquery-bar-rating-1.2.2.tgz",
      "integrity": "sha512-0OtYCrgDzyc3FQ6r08Twns35t1bKd4V/9+Nberg3Idg3ZpBw2dVre8Hut0w3sbekm391desWxpbKFKSPzuk81w==",
      "requires": {
        "jquery": ">=1.7.2"
      }
    }
  }
}
